// !$*UTF8*$!
{
	archiveVersion = 1;
	classes = {
	};
	objectVersion = 51;
	objects = {

/* Begin PBXBuildFile section */
		1A0517A73EC841BD84554203 /* Pods_FireStoreEitangoApp.framework in Frameworks */ = {isa = PBXBuildFile; fileRef = B3B32305924707350649D7C9 /* Pods_FireStoreEitangoApp.framework */; };
		B1349C9B2542D9BB00841AD9 /* TestViewController.swift in Sources */ = {isa = PBXBuildFile; fileRef = B1349C9A2542D9BB00841AD9 /* TestViewController.swift */; };
		B1349C9F2542DDE500841AD9 /* MaterialModel.swift in Sources */ = {isa = PBXBuildFile; fileRef = B1349C9E2542DDE500841AD9 /* MaterialModel.swift */; };
		B1349CA22542DE0100841AD9 /* MaterialList.swift in Sources */ = {isa = PBXBuildFile; fileRef = B1349CA12542DE0100841AD9 /* MaterialList.swift */; };
		B140A8A625396D0000099E0D /* CheckPermission.swift in Sources */ = {isa = PBXBuildFile; fileRef = B140A8A525396D0000099E0D /* CheckPermission.swift */; };
		B140A8A92539713300099E0D /* ToDataBase.swift in Sources */ = {isa = PBXBuildFile; fileRef = B140A8A82539713300099E0D /* ToDataBase.swift */; };
		B140A8AB2539962800099E0D /* ProfileModel.swift in Sources */ = {isa = PBXBuildFile; fileRef = B140A8AA2539962800099E0D /* ProfileModel.swift */; };
		B1482F4B253497AF00CC0C6B /* HomeViewController.swift in Sources */ = {isa = PBXBuildFile; fileRef = B1482F4A253497AF00CC0C6B /* HomeViewController.swift */; };
		B1482F4D2534984000CC0C6B /* PreManabuViewController.swift in Sources */ = {isa = PBXBuildFile; fileRef = B1482F4C2534984000CC0C6B /* PreManabuViewController.swift */; };
		B167D0B0252F447300D31AFF /* AppDelegate.swift in Sources */ = {isa = PBXBuildFile; fileRef = B167D0AF252F447300D31AFF /* AppDelegate.swift */; };
		B167D0B2252F447300D31AFF /* SceneDelegate.swift in Sources */ = {isa = PBXBuildFile; fileRef = B167D0B1252F447300D31AFF /* SceneDelegate.swift */; };
		B167D0B4252F447300D31AFF /* ViewController.swift in Sources */ = {isa = PBXBuildFile; fileRef = B167D0B3252F447300D31AFF /* ViewController.swift */; };
		B167D0B7252F447300D31AFF /* Main.storyboard in Resources */ = {isa = PBXBuildFile; fileRef = B167D0B5252F447300D31AFF /* Main.storyboard */; };
		B167D0B9252F447400D31AFF /* Assets.xcassets in Resources */ = {isa = PBXBuildFile; fileRef = B167D0B8252F447400D31AFF /* Assets.xcassets */; };
		B167D0BC252F447400D31AFF /* LaunchScreen.storyboard in Resources */ = {isa = PBXBuildFile; fileRef = B167D0BA252F447400D31AFF /* LaunchScreen.storyboard */; };
		B167D0C4252F463700D31AFF /* 30pixel.png in Resources */ = {isa = PBXBuildFile; fileRef = B167D0C3252F463700D31AFF /* 30pixel.png */; };
		B167D0C6252F65C000D31AFF /* OthersViewController.swift in Sources */ = {isa = PBXBuildFile; fileRef = B167D0C5252F65C000D31AFF /* OthersViewController.swift */; };
		B17129452532F4DE003DCDF7 /* ManabuViewController.swift in Sources */ = {isa = PBXBuildFile; fileRef = B17129442532F4DE003DCDF7 /* ManabuViewController.swift */; };
		B171294725332D5F003DCDF7 /* LoginViewController.swift in Sources */ = {isa = PBXBuildFile; fileRef = B171294625332D5F003DCDF7 /* LoginViewController.swift */; };
		B171294925333B8E003DCDF7 /* RegisterViewController.swift in Sources */ = {isa = PBXBuildFile; fileRef = B171294825333B8E003DCDF7 /* RegisterViewController.swift */; };
		B171294C253354B9003DCDF7 /* GoogleService-Info.plist in Resources */ = {isa = PBXBuildFile; fileRef = B171294B253354B9003DCDF7 /* GoogleService-Info.plist */; };
		B1F726A22547D7DB00A6EFDE /* NewsItems.swift in Sources */ = {isa = PBXBuildFile; fileRef = B1F726A12547D7DB00A6EFDE /* NewsItems.swift */; };
		B1F726A52547FE4300A6EFDE /* WebViewController.swift in Sources */ = {isa = PBXBuildFile; fileRef = B1F726A42547FE4300A6EFDE /* WebViewController.swift */; };
/* End PBXBuildFile section */

/* Begin PBXFileReference section */
		083A115E1AE4969DDC252F2B /* Pods-FireStoreEitangoApp.release.xcconfig */ = {isa = PBXFileReference; includeInIndex = 1; lastKnownFileType = text.xcconfig; name = "Pods-FireStoreEitangoApp.release.xcconfig"; path = "Target Support Files/Pods-FireStoreEitangoApp/Pods-FireStoreEitangoApp.release.xcconfig"; sourceTree = "<group>"; };
		683AEA730343DB49391D5228 /* Pods-FireStoreEitangoApp.debug.xcconfig */ = {isa = PBXFileReference; includeInIndex = 1; lastKnownFileType = text.xcconfig; name = "Pods-FireStoreEitangoApp.debug.xcconfig"; path = "Target Support Files/Pods-FireStoreEitangoApp/Pods-FireStoreEitangoApp.debug.xcconfig"; sourceTree = "<group>"; };
		B1349C9A2542D9BB00841AD9 /* TestViewController.swift */ = {isa = PBXFileReference; lastKnownFileType = sourcecode.swift; path = TestViewController.swift; sourceTree = "<group>"; };
		B1349C9E2542DDE500841AD9 /* MaterialModel.swift */ = {isa = PBXFileReference; lastKnownFileType = sourcecode.swift; path = MaterialModel.swift; sourceTree = "<group>"; };
		B1349CA12542DE0100841AD9 /* MaterialList.swift */ = {isa = PBXFileReference; lastKnownFileType = sourcecode.swift; path = MaterialList.swift; sourceTree = "<group>"; };
		B140A8A525396D0000099E0D /* CheckPermission.swift */ = {isa = PBXFileReference; lastKnownFileType = sourcecode.swift; path = CheckPermission.swift; sourceTree = "<group>"; };
		B140A8A82539713300099E0D /* ToDataBase.swift */ = {isa = PBXFileReference; lastKnownFileType = sourcecode.swift; path = ToDataBase.swift; sourceTree = "<group>"; };
		B140A8AA2539962800099E0D /* ProfileModel.swift */ = {isa = PBXFileReference; lastKnownFileType = sourcecode.swift; path = ProfileModel.swift; sourceTree = "<group>"; };
		B1482F4A253497AF00CC0C6B /* HomeViewController.swift */ = {isa = PBXFileReference; lastKnownFileType = sourcecode.swift; path = HomeViewController.swift; sourceTree = "<group>"; };
		B1482F4C2534984000CC0C6B /* PreManabuViewController.swift */ = {isa = PBXFileReference; lastKnownFileType = sourcecode.swift; path = PreManabuViewController.swift; sourceTree = "<group>"; };
		B167D0AC252F447300D31AFF /* FireStoreEitangoApp.app */ = {isa = PBXFileReference; explicitFileType = wrapper.application; includeInIndex = 0; path = FireStoreEitangoApp.app; sourceTree = BUILT_PRODUCTS_DIR; };
		B167D0AF252F447300D31AFF /* AppDelegate.swift */ = {isa = PBXFileReference; lastKnownFileType = sourcecode.swift; path = AppDelegate.swift; sourceTree = "<group>"; };
		B167D0B1252F447300D31AFF /* SceneDelegate.swift */ = {isa = PBXFileReference; lastKnownFileType = sourcecode.swift; path = SceneDelegate.swift; sourceTree = "<group>"; };
		B167D0B3252F447300D31AFF /* ViewController.swift */ = {isa = PBXFileReference; lastKnownFileType = sourcecode.swift; path = ViewController.swift; sourceTree = "<group>"; };
		B167D0B6252F447300D31AFF /* Base */ = {isa = PBXFileReference; lastKnownFileType = file.storyboard; name = Base; path = Base.lproj/Main.storyboard; sourceTree = "<group>"; };
		B167D0B8252F447400D31AFF /* Assets.xcassets */ = {isa = PBXFileReference; lastKnownFileType = folder.assetcatalog; path = Assets.xcassets; sourceTree = "<group>"; };
		B167D0BB252F447400D31AFF /* Base */ = {isa = PBXFileReference; lastKnownFileType = file.storyboard; name = Base; path = Base.lproj/LaunchScreen.storyboard; sourceTree = "<group>"; };
		B167D0BD252F447400D31AFF /* Info.plist */ = {isa = PBXFileReference; lastKnownFileType = text.plist.xml; path = Info.plist; sourceTree = "<group>"; };
		B167D0C3252F463700D31AFF /* 30pixel.png */ = {isa = PBXFileReference; lastKnownFileType = image.png; path = 30pixel.png; sourceTree = "<group>"; };
		B167D0C5252F65C000D31AFF /* OthersViewController.swift */ = {isa = PBXFileReference; lastKnownFileType = sourcecode.swift; path = OthersViewController.swift; sourceTree = "<group>"; };
		B17129442532F4DE003DCDF7 /* ManabuViewController.swift */ = {isa = PBXFileReference; lastKnownFileType = sourcecode.swift; path = ManabuViewController.swift; sourceTree = "<group>"; };
		B171294625332D5F003DCDF7 /* LoginViewController.swift */ = {isa = PBXFileReference; lastKnownFileType = sourcecode.swift; path = LoginViewController.swift; sourceTree = "<group>"; };
		B171294825333B8E003DCDF7 /* RegisterViewController.swift */ = {isa = PBXFileReference; lastKnownFileType = sourcecode.swift; path = RegisterViewController.swift; sourceTree = "<group>"; };
		B171294B253354B9003DCDF7 /* GoogleService-Info.plist */ = {isa = PBXFileReference; fileEncoding = 4; lastKnownFileType = text.plist.xml; path = "GoogleService-Info.plist"; sourceTree = "<group>"; };
		B1F726A12547D7DB00A6EFDE /* NewsItems.swift */ = {isa = PBXFileReference; lastKnownFileType = sourcecode.swift; path = NewsItems.swift; sourceTree = "<group>"; };
		B1F726A42547FE4300A6EFDE /* WebViewController.swift */ = {isa = PBXFileReference; lastKnownFileType = sourcecode.swift; path = WebViewController.swift; sourceTree = "<group>"; };
		B3B32305924707350649D7C9 /* Pods_FireStoreEitangoApp.framework */ = {isa = PBXFileReference; explicitFileType = wrapper.framework; includeInIndex = 0; path = Pods_FireStoreEitangoApp.framework; sourceTree = BUILT_PRODUCTS_DIR; };
/* End PBXFileReference section */

/* Begin PBXFrameworksBuildPhase section */
		B167D0A9252F447300D31AFF /* Frameworks */ = {
			isa = PBXFrameworksBuildPhase;
			buildActionMask = 2147483647;
			files = (
				1A0517A73EC841BD84554203 /* Pods_FireStoreEitangoApp.framework in Frameworks */,
			);
			runOnlyForDeploymentPostprocessing = 0;
		};
/* End PBXFrameworksBuildPhase section */

/* Begin PBXGroup section */
		4ABCFCA91261F8F308C6DB0A /* Pods */ = {
			isa = PBXGroup;
			children = (
				683AEA730343DB49391D5228 /* Pods-FireStoreEitangoApp.debug.xcconfig */,
				083A115E1AE4969DDC252F2B /* Pods-FireStoreEitangoApp.release.xcconfig */,
			);
			path = Pods;
			sourceTree = "<group>";
		};
		B00041648FE7A08619ECA1D6 /* Frameworks */ = {
			isa = PBXGroup;
			children = (
				B167D0C3252F463700D31AFF /* 30pixel.png */,
				B3B32305924707350649D7C9 /* Pods_FireStoreEitangoApp.framework */,
			);
			name = Frameworks;
			sourceTree = "<group>";
		};
		B140A8A7253970E800099E0D /* Model */ = {
			isa = PBXGroup;
			children = (
				B140A8A525396D0000099E0D /* CheckPermission.swift */,
				B140A8A82539713300099E0D /* ToDataBase.swift */,
				B140A8AA2539962800099E0D /* ProfileModel.swift */,
				B1349C9E2542DDE500841AD9 /* MaterialModel.swift */,
				B1349CA12542DE0100841AD9 /* MaterialList.swift */,
				B1F726A12547D7DB00A6EFDE /* NewsItems.swift */,
			);
			path = Model;
			sourceTree = "<group>";
		};
		B167D0A3252F447300D31AFF = {
			isa = PBXGroup;
			children = (
				B167D0AE252F447300D31AFF /* FireStoreEitangoApp */,
				B167D0AD252F447300D31AFF /* Products */,
				4ABCFCA91261F8F308C6DB0A /* Pods */,
				B00041648FE7A08619ECA1D6 /* Frameworks */,
			);
			sourceTree = "<group>";
		};
		B167D0AD252F447300D31AFF /* Products */ = {
			isa = PBXGroup;
			children = (
				B167D0AC252F447300D31AFF /* FireStoreEitangoApp.app */,
			);
			name = Products;
			sourceTree = "<group>";
		};
		B167D0AE252F447300D31AFF /* FireStoreEitangoApp */ = {
			isa = PBXGroup;
			children = (
				B140A8A7253970E800099E0D /* Model */,
				B171294A25333B92003DCDF7 /* Controller */,
				B167D0AF252F447300D31AFF /* AppDelegate.swift */,
				B167D0B1252F447300D31AFF /* SceneDelegate.swift */,
				B167D0B5252F447300D31AFF /* Main.storyboard */,
				B167D0B8252F447400D31AFF /* Assets.xcassets */,
				B167D0BA252F447400D31AFF /* LaunchScreen.storyboard */,
				B167D0BD252F447400D31AFF /* Info.plist */,
				B171294B253354B9003DCDF7 /* GoogleService-Info.plist */,
			);
			path = FireStoreEitangoApp;
			sourceTree = "<group>";
		};
		B171294A25333B92003DCDF7 /* Controller */ = {
			isa = PBXGroup;
			children = (
				B167D0B3252F447300D31AFF /* ViewController.swift */,
				B1482F4A253497AF00CC0C6B /* HomeViewController.swift */,
				B1F726A42547FE4300A6EFDE /* WebViewController.swift */,
				B1482F4C2534984000CC0C6B /* PreManabuViewController.swift */,
				B17129442532F4DE003DCDF7 /* ManabuViewController.swift */,
				B1349C9A2542D9BB00841AD9 /* TestViewController.swift */,
				B171294825333B8E003DCDF7 /* RegisterViewController.swift */,
				B171294625332D5F003DCDF7 /* LoginViewController.swift */,
				B167D0C5252F65C000D31AFF /* OthersViewController.swift */,
			);
			path = Controller;
			sourceTree = "<group>";
		};
/* End PBXGroup section */

/* Begin PBXNativeTarget section */
		B167D0AB252F447300D31AFF /* FireStoreEitangoApp */ = {
			isa = PBXNativeTarget;
			buildConfigurationList = B167D0C0252F447400D31AFF /* Build configuration list for PBXNativeTarget "FireStoreEitangoApp" */;
			buildPhases = (
				037B0571CEBAA889C4063922 /* [CP] Check Pods Manifest.lock */,
				B167D0A8252F447300D31AFF /* Sources */,
				B167D0A9252F447300D31AFF /* Frameworks */,
				B167D0AA252F447300D31AFF /* Resources */,
				EAAB04D004B1E243FD78EEBC /* [CP] Embed Pods Frameworks */,
			);
			buildRules = (
			);
			dependencies = (
			);
			name = FireStoreEitangoApp;
			productName = FireStoreEitangoApp;
			productReference = B167D0AC252F447300D31AFF /* FireStoreEitangoApp.app */;
			productType = "com.apple.product-type.application";
		};
/* End PBXNativeTarget section */

/* Begin PBXProject section */
		B167D0A4252F447300D31AFF /* Project object */ = {
			isa = PBXProject;
			attributes = {
				LastSwiftUpdateCheck = 1170;
				LastUpgradeCheck = 1170;
				ORGANIZATIONNAME = "Yuki Shimokawa";
				TargetAttributes = {
					B167D0AB252F447300D31AFF = {
						CreatedOnToolsVersion = 11.7;
					};
				};
			};
			buildConfigurationList = B167D0A7252F447300D31AFF /* Build configuration list for PBXProject "FireStoreEitangoApp" */;
			compatibilityVersion = "Xcode 9.3";
			developmentRegion = en;
			hasScannedForEncodings = 0;
			knownRegions = (
				en,
				Base,
			);
			mainGroup = B167D0A3252F447300D31AFF;
			productRefGroup = B167D0AD252F447300D31AFF /* Products */;
			projectDirPath = "";
			projectRoot = "";
			targets = (
				B167D0AB252F447300D31AFF /* FireStoreEitangoApp */,
			);
		};
/* End PBXProject section */

/* Begin PBXResourcesBuildPhase section */
		B167D0AA252F447300D31AFF /* Resources */ = {
			isa = PBXResourcesBuildPhase;
			buildActionMask = 2147483647;
			files = (
				B167D0BC252F447400D31AFF /* LaunchScreen.storyboard in Resources */,
				B171294C253354B9003DCDF7 /* GoogleService-Info.plist in Resources */,
				B167D0B9252F447400D31AFF /* Assets.xcassets in Resources */,
				B167D0B7252F447300D31AFF /* Main.storyboard in Resources */,
				B167D0C4252F463700D31AFF /* 30pixel.png in Resources */,
			);
			runOnlyForDeploymentPostprocessing = 0;
		};
/* End PBXResourcesBuildPhase section */

/* Begin PBXShellScriptBuildPhase section */
		037B0571CEBAA889C4063922 /* [CP] Check Pods Manifest.lock */ = {
			isa = PBXShellScriptBuildPhase;
			buildActionMask = 2147483647;
			files = (
			);
			inputFileListPaths = (
			);
			inputPaths = (
				"${PODS_PODFILE_DIR_PATH}/Podfile.lock",
				"${PODS_ROOT}/Manifest.lock",
			);
			name = "[CP] Check Pods Manifest.lock";
			outputFileListPaths = (
			);
			outputPaths = (
				"$(DERIVED_FILE_DIR)/Pods-FireStoreEitangoApp-checkManifestLockResult.txt",
			);
			runOnlyForDeploymentPostprocessing = 0;
			shellPath = /bin/sh;
			shellScript = "diff \"${PODS_PODFILE_DIR_PATH}/Podfile.lock\" \"${PODS_ROOT}/Manifest.lock\" > /dev/null\nif [ $? != 0 ] ; then\n    # print error to STDERR\n    echo \"error: The sandbox is not in sync with the Podfile.lock. Run 'pod install' or update your CocoaPods installation.\" >&2\n    exit 1\nfi\n# This output is used by Xcode 'outputs' to avoid re-running this script phase.\necho \"SUCCESS\" > \"${SCRIPT_OUTPUT_FILE_0}\"\n";
			showEnvVarsInLog = 0;
		};
		EAAB04D004B1E243FD78EEBC /* [CP] Embed Pods Frameworks */ = {
			isa = PBXShellScriptBuildPhase;
			buildActionMask = 2147483647;
			files = (
			);
			inputFileListPaths = (
				"${PODS_ROOT}/Target Support Files/Pods-FireStoreEitangoApp/Pods-FireStoreEitangoApp-frameworks-${CONFIGURATION}-input-files.xcfilelist",
			);
			name = "[CP] Embed Pods Frameworks";
			outputFileListPaths = (
				"${PODS_ROOT}/Target Support Files/Pods-FireStoreEitangoApp/Pods-FireStoreEitangoApp-frameworks-${CONFIGURATION}-output-files.xcfilelist",
			);
			runOnlyForDeploymentPostprocessing = 0;
			shellPath = /bin/sh;
			shellScript = "\"${PODS_ROOT}/Target Support Files/Pods-FireStoreEitangoApp/Pods-FireStoreEitangoApp-frameworks.sh\"\n";
			showEnvVarsInLog = 0;
		};
/* End PBXShellScriptBuildPhase section */

/* Begin PBXSourcesBuildPhase section */
		B167D0A8252F447300D31AFF /* Sources */ = {
			isa = PBXSourcesBuildPhase;
			buildActionMask = 2147483647;
			files = (
				B167D0B4252F447300D31AFF /* ViewController.swift in Sources */,
				B140A8AB2539962800099E0D /* ProfileModel.swift in Sources */,
				B140A8A92539713300099E0D /* ToDataBase.swift in Sources */,
				B171294925333B8E003DCDF7 /* RegisterViewController.swift in Sources */,
				B171294725332D5F003DCDF7 /* LoginViewController.swift in Sources */,
				B1349C9B2542D9BB00841AD9 /* TestViewController.swift in Sources */,
				B1482F4D2534984000CC0C6B /* PreManabuViewController.swift in Sources */,
				B1482F4B253497AF00CC0C6B /* HomeViewController.swift in Sources */,
				B140A8A625396D0000099E0D /* CheckPermission.swift in Sources */,
				B1F726A22547D7DB00A6EFDE /* NewsItems.swift in Sources */,
				B167D0C6252F65C000D31AFF /* OthersViewController.swift in Sources */,
				B1349C9F2542DDE500841AD9 /* MaterialModel.swift in Sources */,
				B1F726A52547FE4300A6EFDE /* WebViewController.swift in Sources */,
				B17129452532F4DE003DCDF7 /* ManabuViewController.swift in Sources */,
				B167D0B0252F447300D31AFF /* AppDelegate.swift in Sources */,
				B167D0B2252F447300D31AFF /* SceneDelegate.swift in Sources */,
				B1349CA22542DE0100841AD9 /* MaterialList.swift in Sources */,
			);
			runOnlyForDeploymentPostprocessing = 0;
		};
/* End PBXSourcesBuildPhase section */

/* Begin PBXVariantGroup section */
		B167D0B5252F447300D31AFF /* Main.storyboard */ = {
			isa = PBXVariantGroup;
			children = (
				B167D0B6252F447300D31AFF /* Base */,
			);
			name = Main.storyboard;
			sourceTree = "<group>";
		};
		B167D0BA252F447400D31AFF /* LaunchScreen.storyboard */ = {
			isa = PBXVariantGroup;
			children = (
				B167D0BB252F447400D31AFF /* Base */,
			);
			name = LaunchScreen.storyboard;
			sourceTree = "<group>";
		};
/* End PBXVariantGroup section */

/* Begin XCBuildConfiguration section */
		B167D0BE252F447400D31AFF /* Debug */ = {
			isa = XCBuildConfiguration;
			buildSettings = {
				ALWAYS_SEARCH_USER_PATHS = NO;
				CLANG_ANALYZER_NONNULL = YES;
				CLANG_ANALYZER_NUMBER_OBJECT_CONVERSION = YES_AGGRESSIVE;
				CLANG_CXX_LANGUAGE_STANDARD = "gnu++14";
				CLANG_CXX_LIBRARY = "libc++";
				CLANG_ENABLE_MODULES = YES;
				CLANG_ENABLE_OBJC_ARC = YES;
				CLANG_ENABLE_OBJC_WEAK = YES;
				CLANG_WARN_BLOCK_CAPTURE_AUTORELEASING = YES;
				CLANG_WARN_BOOL_CONVERSION = YES;
				CLANG_WARN_COMMA = YES;
				CLANG_WARN_CONSTANT_CONVERSION = YES;
				CLANG_WARN_DEPRECATED_OBJC_IMPLEMENTATIONS = YES;
				CLANG_WARN_DIRECT_OBJC_ISA_USAGE = YES_ERROR;
				CLANG_WARN_DOCUMENTATION_COMMENTS = YES;
				CLANG_WARN_EMPTY_BODY = YES;
				CLANG_WARN_ENUM_CONVERSION = YES;
				CLANG_WARN_INFINITE_RECURSION = YES;
				CLANG_WARN_INT_CONVERSION = YES;
				CLANG_WARN_NON_LITERAL_NULL_CONVERSION = YES;
				CLANG_WARN_OBJC_IMPLICIT_RETAIN_SELF = YES;
				CLANG_WARN_OBJC_LITERAL_CONVERSION = YES;
				CLANG_WARN_OBJC_ROOT_CLASS = YES_ERROR;
				CLANG_WARN_RANGE_LOOP_ANALYSIS = YES;
				CLANG_WARN_STRICT_PROTOTYPES = YES;
				CLANG_WARN_SUSPICIOUS_MOVE = YES;
				CLANG_WARN_UNGUARDED_AVAILABILITY = YES_AGGRESSIVE;
				CLANG_WARN_UNREACHABLE_CODE = YES;
				CLANG_WARN__DUPLICATE_METHOD_MATCH = YES;
				COPY_PHASE_STRIP = NO;
				DEBUG_INFORMATION_FORMAT = dwarf;
				ENABLE_STRICT_OBJC_MSGSEND = YES;
				ENABLE_TESTABILITY = YES;
				GCC_C_LANGUAGE_STANDARD = gnu11;
				GCC_DYNAMIC_NO_PIC = NO;
				GCC_NO_COMMON_BLOCKS = YES;
				GCC_OPTIMIZATION_LEVEL = 0;
				GCC_PREPROCESSOR_DEFINITIONS = (
					"DEBUG=1",
					"$(inherited)",
				);
				GCC_WARN_64_TO_32_BIT_CONVERSION = YES;
				GCC_WARN_ABOUT_RETURN_TYPE = YES_ERROR;
				GCC_WARN_UNDECLARED_SELECTOR = YES;
				GCC_WARN_UNINITIALIZED_AUTOS = YES_AGGRESSIVE;
				GCC_WARN_UNUSED_FUNCTION = YES;
				GCC_WARN_UNUSED_VARIABLE = YES;
				IPHONEOS_DEPLOYMENT_TARGET = 13.7;
				MTL_ENABLE_DEBUG_INFO = INCLUDE_SOURCE;
				MTL_FAST_MATH = YES;
				ONLY_ACTIVE_ARCH = YES;
				SDKROOT = iphoneos;
				SWIFT_ACTIVE_COMPILATION_CONDITIONS = DEBUG;
				SWIFT_OPTIMIZATION_LEVEL = "-Onone";
			};
			name = Debug;
		};
		B167D0BF252F447400D31AFF /* Release */ = {
			isa = XCBuildConfiguration;
			buildSettings = {
				ALWAYS_SEARCH_USER_PATHS = NO;
				CLANG_ANALYZER_NONNULL = YES;
				CLANG_ANALYZER_NUMBER_OBJECT_CONVERSION = YES_AGGRESSIVE;
				CLANG_CXX_LANGUAGE_STANDARD = "gnu++14";
				CLANG_CXX_LIBRARY = "libc++";
				CLANG_ENABLE_MODULES = YES;
				CLANG_ENABLE_OBJC_ARC = YES;
				CLANG_ENABLE_OBJC_WEAK = YES;
				CLANG_WARN_BLOCK_CAPTURE_AUTORELEASING = YES;
				CLANG_WARN_BOOL_CONVERSION = YES;
				CLANG_WARN_COMMA = YES;
				CLANG_WARN_CONSTANT_CONVERSION = YES;
				CLANG_WARN_DEPRECATED_OBJC_IMPLEMENTATIONS = YES;
				CLANG_WARN_DIRECT_OBJC_ISA_USAGE = YES_ERROR;
				CLANG_WARN_DOCUMENTATION_COMMENTS = YES;
				CLANG_WARN_EMPTY_BODY = YES;
				CLANG_WARN_ENUM_CONVERSION = YES;
				CLANG_WARN_INFINITE_RECURSION = YES;
				CLANG_WARN_INT_CONVERSION = YES;
				CLANG_WARN_NON_LITERAL_NULL_CONVERSION = YES;
				CLANG_WARN_OBJC_IMPLICIT_RETAIN_SELF = YES;
				CLANG_WARN_OBJC_LITERAL_CONVERSION = YES;
				CLANG_WARN_OBJC_ROOT_CLASS = YES_ERROR;
				CLANG_WARN_RANGE_LOOP_ANALYSIS = YES;
				CLANG_WARN_STRICT_PROTOTYPES = YES;
				CLANG_WARN_SUSPICIOUS_MOVE = YES;
				CLANG_WARN_UNGUARDED_AVAILABILITY = YES_AGGRESSIVE;
				CLANG_WARN_UNREACHABLE_CODE = YES;
				CLANG_WARN__DUPLICATE_METHOD_MATCH = YES;
				COPY_PHASE_STRIP = NO;
				DEBUG_INFORMATION_FORMAT = "dwarf-with-dsym";
				ENABLE_NS_ASSERTIONS = NO;
				ENABLE_STRICT_OBJC_MSGSEND = YES;
				GCC_C_LANGUAGE_STANDARD = gnu11;
				GCC_NO_COMMON_BLOCKS = YES;
				GCC_WARN_64_TO_32_BIT_CONVERSION = YES;
				GCC_WARN_ABOUT_RETURN_TYPE = YES_ERROR;
				GCC_WARN_UNDECLARED_SELECTOR = YES;
				GCC_WARN_UNINITIALIZED_AUTOS = YES_AGGRESSIVE;
				GCC_WARN_UNUSED_FUNCTION = YES;
				GCC_WARN_UNUSED_VARIABLE = YES;
				IPHONEOS_DEPLOYMENT_TARGET = 13.7;
				MTL_ENABLE_DEBUG_INFO = NO;
				MTL_FAST_MATH = YES;
				SDKROOT = iphoneos;
				SWIFT_COMPILATION_MODE = wholemodule;
				SWIFT_OPTIMIZATION_LEVEL = "-O";
				VALIDATE_PRODUCT = YES;
			};
			name = Release;
		};
		B167D0C1252F447400D31AFF /* Debug */ = {
			isa = XCBuildConfiguration;
			baseConfigurationReference = 683AEA730343DB49391D5228 /* Pods-FireStoreEitangoApp.debug.xcconfig */;
			buildSettings = {
				ASSETCATALOG_COMPILER_APPICON_NAME = AppIcon;
				CODE_SIGN_STYLE = Automatic;
				DEVELOPMENT_TEAM = GNSD4R2925;
				INFOPLIST_FILE = FireStoreEitangoApp/Info.plist;
				IPHONEOS_DEPLOYMENT_TARGET = 13.0;
				LD_RUNPATH_SEARCH_PATHS = (
					"$(inherited)",
					"@executable_path/Frameworks",
				);
				PRODUCT_BUNDLE_IDENTIFIER = com.yuchineko.FireStoreEitangoApp;
				PRODUCT_NAME = "$(TARGET_NAME)";
				SWIFT_VERSION = 5.0;
				TARGETED_DEVICE_FAMILY = 1;
			};
			name = Debug;
		};
		B167D0C2252F447400D31AFF /* Release */ = {
			isa = XCBuildConfiguration;
			baseConfigurationReference = 083A115E1AE4969DDC252F2B /* Pods-FireStoreEitangoApp.release.xcconfig */;
			buildSettings = {
				ASSETCATALOG_COMPILER_APPICON_NAME = AppIcon;
				CODE_SIGN_STYLE = Automatic;
				DEVELOPMENT_TEAM = GNSD4R2925;
				INFOPLIST_FILE = FireStoreEitangoApp/Info.plist;
				IPHONEOS_DEPLOYMENT_TARGET = 13.0;
				LD_RUNPATH_SEARCH_PATHS = (
					"$(inherited)",
					"@executable_path/Frameworks",
				);
				PRODUCT_BUNDLE_IDENTIFIER = com.yuchineko.FireStoreEitangoApp;
				PRODUCT_NAME = "$(TARGET_NAME)";
				SWIFT_VERSION = 5.0;
				TARGETED_DEVICE_FAMILY = 1;
			};
			name = Release;
		};
/* End XCBuildConfiguration section */

/* Begin XCConfigurationList section */
		B167D0A7252F447300D31AFF /* Build configuration list for PBXProject "FireStoreEitangoApp" */ = {
			isa = XCConfigurationList;
			buildConfigurations = (
				B167D0BE252F447400D31AFF /* Debug */,
				B167D0BF252F447400D31AFF /* Release */,
			);
			defaultConfigurationIsVisible = 0;
			defaultConfigurationName = Release;
		};
		B167D0C0252F447400D31AFF /* Build configuration list for PBXNativeTarget "FireStoreEitangoApp" */ = {
			isa = XCConfigurationList;
			buildConfigurations = (
				B167D0C1252F447400D31AFF /* Debug */,
				B167D0C2252F447400D31AFF /* Release */,
			);
			defaultConfigurationIsVisible = 0;
			defaultConfigurationName = Release;
		};
/* End XCConfigurationList section */
	};
	rootObject = B167D0A4252F447300D31AFF /* Project object */;
}
